
Microsoft Visual Studio Solution File, Format Version 12.00
# Visual Studio Version 17
VisualStudioVersion = 17.9.34616.47
MinimumVisualStudioVersion = 10.0.40219.1
Project("{FAE04EC0-301F-11D3-BF4B-00C04F79EFBC}") = "AzureMVCProject", "AzureMVCProject.csproj", "{D9124CB5-5479-45C7-908D-75FDBABB1930}"
EndProject
Global
	GlobalSection(SolutionConfigurationPlatforms) = preSolution
		Debug|Any CPU = Debug|Any CPU
		Release|Any CPU = Release|Any CPU
	EndGlobalSection
	GlobalSection(ProjectConfigurationPlatforms) = postSolution
		{D9124CB5-5479-45C7-908D-75FDBABB1930}.Debug|Any CPU.ActiveCfg = Debug|Any CPU
		{D9124CB5-5479-45C7-908D-75FDBABB1930}.Debug|Any CPU.Build.0 = Debug|Any CPU
		{D9124CB5-5479-45C7-908D-75FDBABB1930}.Release|Any CPU.ActiveCfg = Release|Any CPU
		{D9124CB5-5479-45C7-908D-75FDBABB1930}.Release|Any CPU.Build.0 = Release|Any CPU
	EndGlobalSection
	GlobalSection(SolutionProperties) = preSolution
		HideSolutionNode = FALSE
	EndGlobalSection
	GlobalSection(ExtensibilityGlobals) = postSolution
		SolutionGuid = {B46D1B48-BD2B-4A4D-B30D-2FA5B45A9B90}
	EndGlobalSection
EndGlobal
